
Microsoft Visual Studio Solution File, Format Version 12.00
# Visual Studio Version 17
VisualStudioVersion = 17.11.35327.3
MinimumVisualStudioVersion = 10.0.40219.1
Project("{9A19103F-16F7-4668-BE54-9A1E7A4F7556}") = "Convertification", "Convertification\Convertification.csproj", "{CD11CCA8-4C9C-4781-AB4F-792BFA927478}"
EndProject
Project("{2150E333-8FDC-42A3-9474-1A3956D46DE8}") = "Projektmappenelemente", "Projektmappenelemente", "{29A4004D-D4BF-488A-8CFE-17F47E66ED5A}"
	ProjectSection(SolutionItems) = preProject
		.editorconfig = .editorconfig
		README.MD = README.MD
	EndProjectSection
EndProject
Global
	GlobalSection(SolutionConfigurationPlatforms) = preSolution
		Debug|Any CPU = Debug|Any CPU
		Release|Any CPU = Release|Any CPU
	EndGlobalSection
	GlobalSection(ProjectConfigurationPlatforms) = postSolution
		{CD11CCA8-4C9C-4781-AB4F-792BFA927478}.Debug|Any CPU.ActiveCfg = Debug|Any CPU
		{CD11CCA8-4C9C-4781-AB4F-792BFA927478}.Debug|Any CPU.Build.0 = Debug|Any CPU
		{CD11CCA8-4C9C-4781-AB4F-792BFA927478}.Release|Any CPU.ActiveCfg = Release|Any CPU
		{CD11CCA8-4C9C-4781-AB4F-792BFA927478}.Release|Any CPU.Build.0 = Release|Any CPU
	EndGlobalSection
	GlobalSection(SolutionProperties) = preSolution
		HideSolutionNode = FALSE
	EndGlobalSection
	GlobalSection(ExtensibilityGlobals) = postSolution
		SolutionGuid = {07A1BCCF-DB1D-4552-8D54-9AFDA8B65EF7}
	EndGlobalSection
EndGlobal
